// !$*UTF8*$!
{
	archiveVersion = 1;
	classes = {
	};
	objectVersion = 46;
	objects = {

/* Begin PBXBuildFile section */
		1B6072D91ABF4AEB006124D1 /* swiss-mountain-hill-alps-nature-34-iphone6-plus-wallpaper.jpg in Resources */ = {isa = PBXBuildFile; fileRef = 1B6072D81ABF4AEB006124D1 /* swiss-mountain-hill-alps-nature-34-iphone6-plus-wallpaper.jpg */; };
		1B6072DB1ABF4CBC006124D1 /* Unknown.png in Resources */ = {isa = PBXBuildFile; fileRef = 1B6072DA1ABF4CBC006124D1 /* Unknown.png */; };
		1B6072DD1ABF4D53006124D1 /* 2000px-Fast_forward_font_awesome.svg.png in Resources */ = {isa = PBXBuildFile; fileRef = 1B6072DC1ABF4D53006124D1 /* 2000px-Fast_forward_font_awesome.svg.png */; };
		1B67EB161ABEB9750096248A /* Spotify.framework in Frameworks */ = {isa = PBXBuildFile; fileRef = 1B67EB151ABEB9750096248A /* Spotify.framework */; };
		1B67EB181ABEB9840096248A /* MyoKit.framework in Frameworks */ = {isa = PBXBuildFile; fileRef = 1B67EB171ABEB9840096248A /* MyoKit.framework */; };
		C671C7631ABE311B007DAB8C /* main.m in Sources */ = {isa = PBXBuildFile; fileRef = C671C7621ABE311B007DAB8C /* main.m */; };
		C671C7661ABE311B007DAB8C /* AppDelegate.m in Sources */ = {isa = PBXBuildFile; fileRef = C671C7651ABE311B007DAB8C /* AppDelegate.m */; };
		C671C7691ABE311B007DAB8C /* MyoViewController.m in Sources */ = {isa = PBXBuildFile; fileRef = C671C7681ABE311B007DAB8C /* MyoViewController.m */; };
		C671C76C1ABE311B007DAB8C /* Main.storyboard in Resources */ = {isa = PBXBuildFile; fileRef = C671C76A1ABE311B007DAB8C /* Main.storyboard */; };
		C671C76E1ABE311B007DAB8C /* Images.xcassets in Resources */ = {isa = PBXBuildFile; fileRef = C671C76D1ABE311B007DAB8C /* Images.xcassets */; };
		C671C7711ABE311B007DAB8C /* LaunchScreen.xib in Resources */ = {isa = PBXBuildFile; fileRef = C671C76F1ABE311B007DAB8C /* LaunchScreen.xib */; };
		C671C77D1ABE311C007DAB8C /* Runners_BeatTests.m in Sources */ = {isa = PBXBuildFile; fileRef = C671C77C1ABE311C007DAB8C /* Runners_BeatTests.m */; };
		C671C7891ABE3195007DAB8C /* SystemConfiguration.framework in Frameworks */ = {isa = PBXBuildFile; fileRef = C671C7881ABE3195007DAB8C /* SystemConfiguration.framework */; };
		C671C78B1ABE319C007DAB8C /* CoreBluetooth.framework in Frameworks */ = {isa = PBXBuildFile; fileRef = C671C78A1ABE319C007DAB8C /* CoreBluetooth.framework */; };
		C671C78F1ABE484C007DAB8C /* AVFoundation.framework in Frameworks */ = {isa = PBXBuildFile; fileRef = C671C78E1ABE484C007DAB8C /* AVFoundation.framework */; };
		C671C79A1ABE7CCB007DAB8C /* about this crap in Resources */ = {isa = PBXBuildFile; fileRef = C671C7991ABE7CCB007DAB8C /* about this crap */; };
/* End PBXBuildFile section */

/* Begin PBXContainerItemProxy section */
		C671C7771ABE311C007DAB8C /* PBXContainerItemProxy */ = {
			isa = PBXContainerItemProxy;
			containerPortal = C671C7551ABE311B007DAB8C /* Project object */;
			proxyType = 1;
			remoteGlobalIDString = C671C75C1ABE311B007DAB8C;
			remoteInfo = "Runners Beat";
		};
/* End PBXContainerItemProxy section */

/* Begin PBXFileReference section */
		1B6072D81ABF4AEB006124D1 /* swiss-mountain-hill-alps-nature-34-iphone6-plus-wallpaper.jpg */ = {isa = PBXFileReference; lastKnownFileType = image.jpeg; path = "swiss-mountain-hill-alps-nature-34-iphone6-plus-wallpaper.jpg"; sourceTree = "<group>"; };
		1B6072DA1ABF4CBC006124D1 /* Unknown.png */ = {isa = PBXFileReference; lastKnownFileType = image.png; path = Unknown.png; sourceTree = "<group>"; };
		1B6072DC1ABF4D53006124D1 /* 2000px-Fast_forward_font_awesome.svg.png */ = {isa = PBXFileReference; lastKnownFileType = image.png; path = "2000px-Fast_forward_font_awesome.svg.png"; sourceTree = "<group>"; };
		1B67EB151ABEB9750096248A /* Spotify.framework */ = {isa = PBXFileReference; lastKnownFileType = wrapper.framework; path = Spotify.framework; sourceTree = "<group>"; };
		1B67EB171ABEB9840096248A /* MyoKit.framework */ = {isa = PBXFileReference; lastKnownFileType = wrapper.framework; path = MyoKit.framework; sourceTree = "<group>"; };
		C671C75D1ABE311B007DAB8C /* Runners Beat.app */ = {isa = PBXFileReference; explicitFileType = wrapper.application; includeInIndex = 0; path = "Runners Beat.app"; sourceTree = BUILT_PRODUCTS_DIR; };
		C671C7611ABE311B007DAB8C /* Info.plist */ = {isa = PBXFileReference; lastKnownFileType = text.plist.xml; path = Info.plist; sourceTree = "<group>"; };
		C671C7621ABE311B007DAB8C /* main.m */ = {isa = PBXFileReference; lastKnownFileType = sourcecode.c.objc; path = main.m; sourceTree = "<group>"; };
		C671C7641ABE311B007DAB8C /* AppDelegate.h */ = {isa = PBXFileReference; lastKnownFileType = sourcecode.c.h; path = AppDelegate.h; sourceTree = "<group>"; };
		C671C7651ABE311B007DAB8C /* AppDelegate.m */ = {isa = PBXFileReference; lastKnownFileType = sourcecode.c.objc; path = AppDelegate.m; sourceTree = "<group>"; };
		C671C7671ABE311B007DAB8C /* MyoViewController.h */ = {isa = PBXFileReference; lastKnownFileType = sourcecode.c.h; path = MyoViewController.h; sourceTree = "<group>"; };
		C671C7681ABE311B007DAB8C /* MyoViewController.m */ = {isa = PBXFileReference; lastKnownFileType = sourcecode.c.objc; path = MyoViewController.m; sourceTree = "<group>"; };
		C671C76B1ABE311B007DAB8C /* Base */ = {isa = PBXFileReference; lastKnownFileType = file.storyboard; name = Base; path = Base.lproj/Main.storyboard; sourceTree = "<group>"; };
		C671C76D1ABE311B007DAB8C /* Images.xcassets */ = {isa = PBXFileReference; lastKnownFileType = folder.assetcatalog; path = Images.xcassets; sourceTree = "<group>"; };
		C671C7701ABE311B007DAB8C /* Base */ = {isa = PBXFileReference; lastKnownFileType = file.xib; name = Base; path = Base.lproj/LaunchScreen.xib; sourceTree = "<group>"; };
		C671C7761ABE311C007DAB8C /* Runners BeatTests.xctest */ = {isa = PBXFileReference; explicitFileType = wrapper.cfbundle; includeInIndex = 0; path = "Runners BeatTests.xctest"; sourceTree = BUILT_PRODUCTS_DIR; };
		C671C77B1ABE311C007DAB8C /* Info.plist */ = {isa = PBXFileReference; lastKnownFileType = text.plist.xml; path = Info.plist; sourceTree = "<group>"; };
		C671C77C1ABE311C007DAB8C /* Runners_BeatTests.m */ = {isa = PBXFileReference; lastKnownFileType = sourcecode.c.objc; path = Runners_BeatTests.m; sourceTree = "<group>"; };
		C671C7881ABE3195007DAB8C /* SystemConfiguration.framework */ = {isa = PBXFileReference; lastKnownFileType = wrapper.framework; name = SystemConfiguration.framework; path = System/Library/Frameworks/SystemConfiguration.framework; sourceTree = SDKROOT; };
		C671C78A1ABE319C007DAB8C /* CoreBluetooth.framework */ = {isa = PBXFileReference; lastKnownFileType = wrapper.framework; name = CoreBluetooth.framework; path = System/Library/Frameworks/CoreBluetooth.framework; sourceTree = SDKROOT; };
		C671C78E1ABE484C007DAB8C /* AVFoundation.framework */ = {isa = PBXFileReference; lastKnownFileType = wrapper.framework; name = AVFoundation.framework; path = System/Library/Frameworks/AVFoundation.framework; sourceTree = SDKROOT; };
		C671C7991ABE7CCB007DAB8C /* about this crap */ = {isa = PBXFileReference; fileEncoding = 4; lastKnownFileType = text; path = "about this crap"; sourceTree = "<group>"; };
/* End PBXFileReference section */

/* Begin PBXFrameworksBuildPhase section */
		C671C75A1ABE311B007DAB8C /* Frameworks */ = {
			isa = PBXFrameworksBuildPhase;
			buildActionMask = 2147483647;
			files = (
				1B67EB161ABEB9750096248A /* Spotify.framework in Frameworks */,
				C671C78B1ABE319C007DAB8C /* CoreBluetooth.framework in Frameworks */,
				1B67EB181ABEB9840096248A /* MyoKit.framework in Frameworks */,
				C671C7891ABE3195007DAB8C /* SystemConfiguration.framework in Frameworks */,
				C671C78F1ABE484C007DAB8C /* AVFoundation.framework in Frameworks */,
			);
			runOnlyForDeploymentPostprocessing = 0;
		};
		C671C7731ABE311C007DAB8C /* Frameworks */ = {
			isa = PBXFrameworksBuildPhase;
			buildActionMask = 2147483647;
			files = (
			);
			runOnlyForDeploymentPostprocessing = 0;
		};
/* End PBXFrameworksBuildPhase section */

/* Begin PBXGroup section */
		C671C7541ABE311B007DAB8C = {
			isa = PBXGroup;
			children = (
				1B67EB171ABEB9840096248A /* MyoKit.framework */,
				1B67EB151ABEB9750096248A /* Spotify.framework */,
				C671C78E1ABE484C007DAB8C /* AVFoundation.framework */,
				C671C78A1ABE319C007DAB8C /* CoreBluetooth.framework */,
				C671C7881ABE3195007DAB8C /* SystemConfiguration.framework */,
				C671C75F1ABE311B007DAB8C /* Runners Beat */,
				C671C7791ABE311C007DAB8C /* Runners BeatTests */,
				C671C75E1ABE311B007DAB8C /* Products */,
			);
			sourceTree = "<group>";
		};
		C671C75E1ABE311B007DAB8C /* Products */ = {
			isa = PBXGroup;
			children = (
				C671C75D1ABE311B007DAB8C /* Runners Beat.app */,
				C671C7761ABE311C007DAB8C /* Runners BeatTests.xctest */,
			);
			name = Products;
			sourceTree = "<group>";
		};
		C671C75F1ABE311B007DAB8C /* Runners Beat */ = {
			isa = PBXGroup;
			children = (
				C671C7641ABE311B007DAB8C /* AppDelegate.h */,
				C671C7651ABE311B007DAB8C /* AppDelegate.m */,
				C671C7671ABE311B007DAB8C /* MyoViewController.h */,
				C671C7681ABE311B007DAB8C /* MyoViewController.m */,
				C671C7991ABE7CCB007DAB8C /* about this crap */,
				C671C76A1ABE311B007DAB8C /* Main.storyboard */,
				C671C76D1ABE311B007DAB8C /* Images.xcassets */,
				C671C76F1ABE311B007DAB8C /* LaunchScreen.xib */,
				C671C7601ABE311B007DAB8C /* Supporting Files */,
			);
			path = "Runners Beat";
			sourceTree = "<group>";
		};
		C671C7601ABE311B007DAB8C /* Supporting Files */ = {
			isa = PBXGroup;
			children = (
				1B6072DC1ABF4D53006124D1 /* 2000px-Fast_forward_font_awesome.svg.png */,
				1B6072DA1ABF4CBC006124D1 /* Unknown.png */,
				1B6072D81ABF4AEB006124D1 /* swiss-mountain-hill-alps-nature-34-iphone6-plus-wallpaper.jpg */,
				C671C7611ABE311B007DAB8C /* Info.plist */,
				C671C7621ABE311B007DAB8C /* main.m */,
			);
			name = "Supporting Files";
			sourceTree = "<group>";
		};
		C671C7791ABE311C007DAB8C /* Runners BeatTests */ = {
			isa = PBXGroup;
			children = (
				C671C77C1ABE311C007DAB8C /* Runners_BeatTests.m */,
				C671C77A1ABE311C007DAB8C /* Supporting Files */,
			);
			path = "Runners BeatTests";
			sourceTree = "<group>";
		};
		C671C77A1ABE311C007DAB8C /* Supporting Files */ = {
			isa = PBXGroup;
			children = (
				C671C77B1ABE311C007DAB8C /* Info.plist */,
			);
			name = "Supporting Files";
			sourceTree = "<group>";
		};
/* End PBXGroup section */

/* Begin PBXNativeTarget section */
		C671C75C1ABE311B007DAB8C /* Runners Beat */ = {
			isa = PBXNativeTarget;
			buildConfigurationList = C671C7801ABE311C007DAB8C /* Build configuration list for PBXNativeTarget "Runners Beat" */;
			buildPhases = (
				C671C7591ABE311B007DAB8C /* Sources */,
				C671C75A1ABE311B007DAB8C /* Frameworks */,
				C671C75B1ABE311B007DAB8C /* Resources */,
			);
			buildRules = (
			);
			dependencies = (
			);
			name = "Runners Beat";
			productName = "Runners Beat";
			productReference = C671C75D1ABE311B007DAB8C /* Runners Beat.app */;
			productType = "com.apple.product-type.application";
		};
		C671C7751ABE311C007DAB8C /* Runners BeatTests */ = {
			isa = PBXNativeTarget;
			buildConfigurationList = C671C7831ABE311C007DAB8C /* Build configuration list for PBXNativeTarget "Runners BeatTests" */;
			buildPhases = (
				C671C7721ABE311C007DAB8C /* Sources */,
				C671C7731ABE311C007DAB8C /* Frameworks */,
				C671C7741ABE311C007DAB8C /* Resources */,
			);
			buildRules = (
			);
			dependencies = (
				C671C7781ABE311C007DAB8C /* PBXTargetDependency */,
			);
			name = "Runners BeatTests";
			productName = "Runners BeatTests";
			productReference = C671C7761ABE311C007DAB8C /* Runners BeatTests.xctest */;
			productType = "com.apple.product-type.bundle.unit-test";
		};
/* End PBXNativeTarget section */

/* Begin PBXProject section */
		C671C7551ABE311B007DAB8C /* Project object */ = {
			isa = PBXProject;
			attributes = {
				LastUpgradeCheck = 0620;
				ORGANIZATIONNAME = "Kyle Sandell";
				TargetAttributes = {
					C671C75C1ABE311B007DAB8C = {
						CreatedOnToolsVersion = 6.2;
						DevelopmentTeam = 7C23SQCYC6;
						SystemCapabilities = {
							com.apple.BackgroundModes = {
								enabled = 1;
							};
						};
					};
					C671C7751ABE311C007DAB8C = {
						CreatedOnToolsVersion = 6.2;
						TestTargetID = C671C75C1ABE311B007DAB8C;
					};
				};
			};
			buildConfigurationList = C671C7581ABE311B007DAB8C /* Build configuration list for PBXProject "Runners Beat" */;
			compatibilityVersion = "Xcode 3.2";
			developmentRegion = English;
			hasScannedForEncodings = 0;
			knownRegions = (
				en,
				Base,
			);
			mainGroup = C671C7541ABE311B007DAB8C;
			productRefGroup = C671C75E1ABE311B007DAB8C /* Products */;
			projectDirPath = "";
			projectRoot = "";
			targets = (
				C671C75C1ABE311B007DAB8C /* Runners Beat */,
				C671C7751ABE311C007DAB8C /* Runners BeatTests */,
			);
		};
/* End PBXProject section */

/* Begin PBXResourcesBuildPhase section */
		C671C75B1ABE311B007DAB8C /* Resources */ = {
			isa = PBXResourcesBuildPhase;
			buildActionMask = 2147483647;
			files = (
				C671C76C1ABE311B007DAB8C /* Main.storyboard in Resources */,
				C671C79A1ABE7CCB007DAB8C /* about this crap in Resources */,
				1B6072DB1ABF4CBC006124D1 /* Unknown.png in Resources */,
				C671C7711ABE311B007DAB8C /* LaunchScreen.xib in Resources */,
				C671C76E1ABE311B007DAB8C /* Images.xcassets in Resources */,
				1B6072DD1ABF4D53006124D1 /* 2000px-Fast_forward_font_awesome.svg.png in Resources */,
				1B6072D91ABF4AEB006124D1 /* swiss-mountain-hill-alps-nature-34-iphone6-plus-wallpaper.jpg in Resources */,
			);
			runOnlyForDeploymentPostprocessing = 0;
		};
		C671C7741ABE311C007DAB8C /* Resources */ = {
			isa = PBXResourcesBuildPhase;
			buildActionMask = 2147483647;
			files = (
			);
			runOnlyForDeploymentPostprocessing = 0;
		};
/* End PBXResourcesBuildPhase section */

/* Begin PBXSourcesBuildPhase section */
		C671C7591ABE311B007DAB8C /* Sources */ = {
			isa = PBXSourcesBuildPhase;
			buildActionMask = 2147483647;
			files = (
				C671C7691ABE311B007DAB8C /* MyoViewController.m in Sources */,
				C671C7661ABE311B007DAB8C /* AppDelegate.m in Sources */,
				C671C7631ABE311B007DAB8C /* main.m in Sources */,
			);
			runOnlyForDeploymentPostprocessing = 0;
		};
		C671C7721ABE311C007DAB8C /* Sources */ = {
			isa = PBXSourcesBuildPhase;
			buildActionMask = 2147483647;
			files = (
				C671C77D1ABE311C007DAB8C /* Runners_BeatTests.m in Sources */,
			);
			runOnlyForDeploymentPostprocessing = 0;
		};
/* End PBXSourcesBuildPhase section */

/* Begin PBXTargetDependency section */
		C671C7781ABE311C007DAB8C /* PBXTargetDependency */ = {
			isa = PBXTargetDependency;
			target = C671C75C1ABE311B007DAB8C /* Runners Beat */;
			targetProxy = C671C7771ABE311C007DAB8C /* PBXContainerItemProxy */;
		};
/* End PBXTargetDependency section */

/* Begin PBXVariantGroup section */
		C671C76A1ABE311B007DAB8C /* Main.storyboard */ = {
			isa = PBXVariantGroup;
			children = (
				C671C76B1ABE311B007DAB8C /* Base */,
			);
			name = Main.storyboard;
			sourceTree = "<group>";
		};
		C671C76F1ABE311B007DAB8C /* LaunchScreen.xib */ = {
			isa = PBXVariantGroup;
			children = (
				C671C7701ABE311B007DAB8C /* Base */,
			);
			name = LaunchScreen.xib;
			sourceTree = "<group>";
		};
/* End PBXVariantGroup section */

/* Begin XCBuildConfiguration section */
		C671C77E1ABE311C007DAB8C /* Debug */ = {
			isa = XCBuildConfiguration;
			buildSettings = {
				ALWAYS_SEARCH_USER_PATHS = NO;
				CLANG_CXX_LANGUAGE_STANDARD = "gnu++0x";
				CLANG_CXX_LIBRARY = "libc++";
				CLANG_ENABLE_MODULES = YES;
				CLANG_ENABLE_OBJC_ARC = YES;
				CLANG_WARN_BOOL_CONVERSION = YES;
				CLANG_WARN_CONSTANT_CONVERSION = YES;
				CLANG_WARN_DIRECT_OBJC_ISA_USAGE = YES_ERROR;
				CLANG_WARN_EMPTY_BODY = YES;
				CLANG_WARN_ENUM_CONVERSION = YES;
				CLANG_WARN_INT_CONVERSION = YES;
				CLANG_WARN_OBJC_ROOT_CLASS = YES_ERROR;
				CLANG_WARN_UNREACHABLE_CODE = YES;
				CLANG_WARN__DUPLICATE_METHOD_MATCH = YES;
				"CODE_SIGN_IDENTITY[sdk=iphoneos*]" = "iPhone Developer";
				COPY_PHASE_STRIP = NO;
				ENABLE_STRICT_OBJC_MSGSEND = YES;
				GCC_C_LANGUAGE_STANDARD = gnu99;
				GCC_DYNAMIC_NO_PIC = NO;
				GCC_OPTIMIZATION_LEVEL = 0;
				GCC_PREPROCESSOR_DEFINITIONS = (
					"DEBUG=1",
					"$(inherited)",
				);
				GCC_SYMBOLS_PRIVATE_EXTERN = NO;
				GCC_WARN_64_TO_32_BIT_CONVERSION = YES;
				GCC_WARN_ABOUT_RETURN_TYPE = YES_ERROR;
				GCC_WARN_UNDECLARED_SELECTOR = YES;
				GCC_WARN_UNINITIALIZED_AUTOS = YES_AGGRESSIVE;
				GCC_WARN_UNUSED_FUNCTION = YES;
				GCC_WARN_UNUSED_VARIABLE = YES;
				IPHONEOS_DEPLOYMENT_TARGET = 8.2;
				MTL_ENABLE_DEBUG_INFO = YES;
				ONLY_ACTIVE_ARCH = YES;
				SDKROOT = iphoneos;
			};
			name = Debug;
		};
		C671C77F1ABE311C007DAB8C /* Release */ = {
			isa = XCBuildConfiguration;
			buildSettings = {
				ALWAYS_SEARCH_USER_PATHS = NO;
				CLANG_CXX_LANGUAGE_STANDARD = "gnu++0x";
				CLANG_CXX_LIBRARY = "libc++";
				CLANG_ENABLE_MODULES = YES;
				CLANG_ENABLE_OBJC_ARC = YES;
				CLANG_WARN_BOOL_CONVERSION = YES;
				CLANG_WARN_CONSTANT_CONVERSION = YES;
				CLANG_WARN_DIRECT_OBJC_ISA_USAGE = YES_ERROR;
				CLANG_WARN_EMPTY_BODY = YES;
				CLANG_WARN_ENUM_CONVERSION = YES;
				CLANG_WARN_INT_CONVERSION = YES;
				CLANG_WARN_OBJC_ROOT_CLASS = YES_ERROR;
				CLANG_WARN_UNREACHABLE_CODE = YES;
				CLANG_WARN__DUPLICATE_METHOD_MATCH = YES;
				"CODE_SIGN_IDENTITY[sdk=iphoneos*]" = "iPhone Developer";
				COPY_PHASE_STRIP = NO;
				ENABLE_NS_ASSERTIONS = NO;
				ENABLE_STRICT_OBJC_MSGSEND = YES;
				GCC_C_LANGUAGE_STANDARD = gnu99;
				GCC_WARN_64_TO_32_BIT_CONVERSION = YES;
				GCC_WARN_ABOUT_RETURN_TYPE = YES_ERROR;
				GCC_WARN_UNDECLARED_SELECTOR = YES;
				GCC_WARN_UNINITIALIZED_AUTOS = YES_AGGRESSIVE;
				GCC_WARN_UNUSED_FUNCTION = YES;
				GCC_WARN_UNUSED_VARIABLE = YES;
				IPHONEOS_DEPLOYMENT_TARGET = 8.2;
				MTL_ENABLE_DEBUG_INFO = NO;
				SDKROOT = iphoneos;
				VALIDATE_PRODUCT = YES;
			};
			name = Release;
		};
		C671C7811ABE311C007DAB8C /* Debug */ = {
			isa = XCBuildConfiguration;
			buildSettings = {
				ASSETCATALOG_COMPILER_APPICON_NAME = AppIcon;
				CODE_SIGN_IDENTITY = "iPhone Developer";
				"CODE_SIGN_IDENTITY[sdk=iphoneos*]" = "iPhone Developer";
				FRAMEWORK_SEARCH_PATHS = (
					"$(inherited)",
					/Users/kasandell/Desktop/Run,
					Beat,
					"/Users/kasandell/Downloads/ios-sdk-beta-7",
					/Users/kasandell/Desktop/Run,
					Beat,
					"/Users/kasandell/Downloads/Myo-iOS-SDK-0.4.0",
					"/Users/kasandell/Downloads/ios-sdk-beta-7",
					2,
					"/Users/kasandell/Downloads/ios-sdk-beta-7",
					2,
					"/Users/kasandell/Downloads/ios-sdk-beta-7",
					2,
					"/Users/dan/Downloads/ios-sdk-beta-7",
					"/Users/dan/Downloads/Myo-iOS-SDK-0.4.0",
					"$(PROJECT_DIR)",
					"/Users/dan/Downloads/ios-sdk-beta-6",
				);
				INFOPLIST_FILE = "Runners Beat/Info.plist";
				IPHONEOS_DEPLOYMENT_TARGET = 8.1;
				LD_RUNPATH_SEARCH_PATHS = "$(inherited) @executable_path/Frameworks";
				OTHER_LDFLAGS = "-ObjC";
				PRODUCT_NAME = "$(TARGET_NAME)";
				PROVISIONING_PROFILE = "";
				TARGETED_DEVICE_FAMILY = 1;
			};
			name = Debug;
		};
		C671C7821ABE311C007DAB8C /* Release */ = {
			isa = XCBuildConfiguration;
			buildSettings = {
				ASSETCATALOG_COMPILER_APPICON_NAME = AppIcon;
				CODE_SIGN_IDENTITY = "iPhone Developer";
				"CODE_SIGN_IDENTITY[sdk=iphoneos*]" = "iPhone Developer";
				FRAMEWORK_SEARCH_PATHS = (
					"$(inherited)",
					/Users/kasandell/Desktop/Run,
					Beat,
					"/Users/kasandell/Downloads/ios-sdk-beta-7",
					/Users/kasandell/Desktop/Run,
					Beat,
					"/Users/kasandell/Downloads/Myo-iOS-SDK-0.4.0",
					"/Users/kasandell/Downloads/ios-sdk-beta-7",
					2,
					"/Users/kasandell/Downloads/ios-sdk-beta-7",
					2,
					"/Users/kasandell/Downloads/ios-sdk-beta-7",
					2,
					"/Users/dan/Downloads/ios-sdk-beta-7",
					"/Users/dan/Downloads/Myo-iOS-SDK-0.4.0",
					"$(PROJECT_DIR)",
					"/Users/dan/Downloads/ios-sdk-beta-6",
				);
				INFOPLIST_FILE = "Runners Beat/Info.plist";
				IPHONEOS_DEPLOYMENT_TARGET = 8.1;
				LD_RUNPATH_SEARCH_PATHS = "$(inherited) @executable_path/Frameworks";
				OTHER_LDFLAGS = "-ObjC";
				PRODUCT_NAME = "$(TARGET_NAME)";
				PROVISIONING_PROFILE = "";
				TARGETED_DEVICE_FAMILY = 1;
			};
			name = Release;
		};
		C671C7841ABE311C007DAB8C /* Debug */ = {
			isa = XCBuildConfiguration;
			buildSettings = {
				BUNDLE_LOADER = "$(TEST_HOST)";
				FRAMEWORK_SEARCH_PATHS = (
					"$(SDKROOT)/Developer/Library/Frameworks",
					"$(inherited)",
				);
				GCC_PREPROCESSOR_DEFINITIONS = (
					"DEBUG=1",
					"$(inherited)",
				);
				INFOPLIST_FILE = "Runners BeatTests/Info.plist";
				LD_RUNPATH_SEARCH_PATHS = "$(inherited) @executable_path/Frameworks @loader_path/Frameworks";
				PRODUCT_NAME = "$(TARGET_NAME)";
				TEST_HOST = "$(BUILT_PRODUCTS_DIR)/Runners Beat.app/Runners Beat";
			};
			name = Debug;
		};
		C671C7851ABE311C007DAB8C /* Release */ = {
			isa = XCBuildConfiguration;
			buildSettings = {
				BUNDLE_LOADER = "$(TEST_HOST)";
				FRAMEWORK_SEARCH_PATHS = (
					"$(SDKROOT)/Developer/Library/Frameworks",
					"$(inherited)",
				);
				INFOPLIST_FILE = "Runners BeatTests/Info.plist";
				LD_RUNPATH_SEARCH_PATHS = "$(inherited) @executable_path/Frameworks @loader_path/Frameworks";
				PRODUCT_NAME = "$(TARGET_NAME)";
				TEST_HOST = "$(BUILT_PRODUCTS_DIR)/Runners Beat.app/Runners Beat";
			};
			name = Release;
		};
/* End XCBuildConfiguration section */

/* Begin XCConfigurationList section */
		C671C7581ABE311B007DAB8C /* Build configuration list for PBXProject "Runners Beat" */ = {
			isa = XCConfigurationList;
			buildConfigurations = (
				C671C77E1ABE311C007DAB8C /* Debug */,
				C671C77F1ABE311C007DAB8C /* Release */,
			);
			defaultConfigurationIsVisible = 0;
			defaultConfigurationName = Release;
		};
		C671C7801ABE311C007DAB8C /* Build configuration list for PBXNativeTarget "Runners Beat" */ = {
			isa = XCConfigurationList;
			buildConfigurations = (
				C671C7811ABE311C007DAB8C /* Debug */,
				C671C7821ABE311C007DAB8C /* Release */,
			);
			defaultConfigurationIsVisible = 0;
			defaultConfigurationName = Release;
		};
		C671C7831ABE311C007DAB8C /* Build configuration list for PBXNativeTarget "Runners BeatTests" */ = {
			isa = XCConfigurationList;
			buildConfigurations = (
				C671C7841ABE311C007DAB8C /* Debug */,
				C671C7851ABE311C007DAB8C /* Release */,
			);
			defaultConfigurationIsVisible = 0;
			defaultConfigurationName = Release;
		};
/* End XCConfigurationList section */
	};
	rootObject = C671C7551ABE311B007DAB8C /* Project object */;
}
